
Microsoft Visual Studio Solution File, Format Version 12.00
# Visual Studio Version 17
VisualStudioVersion = 17.6.33801.468
MinimumVisualStudioVersion = 10.0.40219.1
Project("{8BC9CEB8-8B4A-11D0-8D11-00A0C91BC942}") = "OOP_Week07_add", "OOP_Week07_add.vcxproj", "{73018810-1ED8-488C-ABA8-65E974166EEC}"
EndProject
Global
	GlobalSection(SolutionConfigurationPlatforms) = preSolution
		Debug|x64 = Debug|x64
		Debug|x86 = Debug|x86
		Release|x64 = Release|x64
		Release|x86 = Release|x86
	EndGlobalSection
	GlobalSection(ProjectConfigurationPlatforms) = postSolution
		{73018810-1ED8-488C-ABA8-65E974166EEC}.Debug|x64.ActiveCfg = Debug|x64
		{73018810-1ED8-488C-ABA8-65E974166EEC}.Debug|x64.Build.0 = Debug|x64
		{73018810-1ED8-488C-ABA8-65E974166EEC}.Debug|x86.ActiveCfg = Debug|Win32
		{73018810-1ED8-488C-ABA8-65E974166EEC}.Debug|x86.Build.0 = Debug|Win32
		{73018810-1ED8-488C-ABA8-65E974166EEC}.Release|x64.ActiveCfg = Release|x64
		{73018810-1ED8-488C-ABA8-65E974166EEC}.Release|x64.Build.0 = Release|x64
		{73018810-1ED8-488C-ABA8-65E974166EEC}.Release|x86.ActiveCfg = Release|Win32
		{73018810-1ED8-488C-ABA8-65E974166EEC}.Release|x86.Build.0 = Release|Win32
	EndGlobalSection
	GlobalSection(SolutionProperties) = preSolution
		HideSolutionNode = FALSE
	EndGlobalSection
	GlobalSection(ExtensibilityGlobals) = postSolution
		SolutionGuid = {E04D79F7-F1E7-4469-AACE-71213341CECD}
	EndGlobalSection
EndGlobal
